{
  "originHash" : "16b14db8dcf79d5e3a8eb04b870e9f9fa00809d738617c60e6602b076e0a465f",
  "pins" : [
    {
      "identity" : "divkit-ios",
      "kind" : "remoteSourceControl",
      "location" : "https://github.com/divkit/divkit-ios.git",
      "state" : {
        "revision" : "c79bf7db178f7c24ad19f15b50a747c30d9a573e",
        "version" : "32.33.0"
      }
    },
    {
      "identity" : "lottie-spm",
      "kind" : "remoteSourceControl",
      "location" : "https://github.com/airbnb/lottie-spm.git",
      "state" : {
        "revision" : "69faaefa7721fba9e434a52c16adf4329c9084db",
        "version" : "4.6.0"
      }
    },
    {
      "identity" : "swift-cmark",
      "kind" : "remoteSourceControl",
      "location" : "https://github.com/swiftlang/swift-cmark.git",
      "state" : {
        "revision" : "5d9bdaa4228b381639fff09403e39a04926e2dbe",
        "version" : "0.7.1"
      }
    },
    {
      "identity" : "swift-markdown",
      "kind" : "remoteSourceControl",
      "location" : "https://github.com/apple/swift-markdown.git",
      "state" : {
        "revision" : "ea79e83c8744d2b50b0dc2d5bbd1e857e1253bf9",
        "version" : "0.6.0"
      }
    },
    {
      "identity" : "vgsl",
      "kind" : "remoteSourceControl",
      "location" : "https://github.com/yandex/vgsl.git",
      "state" : {
        "revision" : "dfc9acbd222ad691ddf605889c5e39da8c45cccd",
        "version" : "7.16.0"
      }
    }
  ],
  "version" : 3
}
